
Microsoft Visual Studio Solution File, Format Version 12.00
# Visual Studio Version 17
VisualStudioVersion = 17.6.33829.357
MinimumVisualStudioVersion = 10.0.40219.1
Project("{FAE04EC0-301F-11D3-BF4B-00C04F79EFBC}") = "RAB_M01_Bonus_RA", "RAB_M01_Bonus_RA\RAB_M01_Bonus_RA.csproj", "{A58A39F8-ECAF-4EF1-8BAC-F567D08B9491}"
EndProject
Global
	GlobalSection(SolutionConfigurationPlatforms) = preSolution
		Debug|Any CPU = Debug|Any CPU
		Release|Any CPU = Release|Any CPU
	EndGlobalSection
	GlobalSection(ProjectConfigurationPlatforms) = postSolution
		{A58A39F8-ECAF-4EF1-8BAC-F567D08B9491}.Debug|Any CPU.ActiveCfg = Debug|Any CPU
		{A58A39F8-ECAF-4EF1-8BAC-F567D08B9491}.Debug|Any CPU.Build.0 = Debug|Any CPU
		{A58A39F8-ECAF-4EF1-8BAC-F567D08B9491}.Release|Any CPU.ActiveCfg = Release|Any CPU
		{A58A39F8-ECAF-4EF1-8BAC-F567D08B9491}.Release|Any CPU.Build.0 = Release|Any CPU
	EndGlobalSection
	GlobalSection(SolutionProperties) = preSolution
		HideSolutionNode = FALSE
	EndGlobalSection
	GlobalSection(ExtensibilityGlobals) = postSolution
		SolutionGuid = {61A90E8D-725C-4DFB-B841-2636C5E07F32}
	EndGlobalSection
EndGlobal
